// !$*UTF8*$!
{
	archiveVersion = 1;
	classes = {
	};
	objectVersion = 50;
	objects = {

/* Begin PBXBuildFile section */
		5B6D110227A9A9E1007CCEA3 /* AppDelegate.swift in Sources */ = {isa = PBXBuildFile; fileRef = 5B6D110127A9A9E1007CCEA3 /* AppDelegate.swift */; };
		5B6D110427A9A9E1007CCEA3 /* SceneDelegate.swift in Sources */ = {isa = PBXBuildFile; fileRef = 5B6D110327A9A9E1007CCEA3 /* SceneDelegate.swift */; };
		5B6D110627A9A9E1007CCEA3 /* ViewController.swift in Sources */ = {isa = PBXBuildFile; fileRef = 5B6D110527A9A9E1007CCEA3 /* ViewController.swift */; };
		5B6D110927A9A9E1007CCEA3 /* Main.storyboard in Resources */ = {isa = PBXBuildFile; fileRef = 5B6D110727A9A9E1007CCEA3 /* Main.storyboard */; };
		5B6D110C27A9A9E1007CCEA3 /* CorGradiente.xcdatamodeld in Sources */ = {isa = PBXBuildFile; fileRef = 5B6D110A27A9A9E1007CCEA3 /* CorGradiente.xcdatamodeld */; };
		5B6D110E27A9A9E4007CCEA3 /* Assets.xcassets in Resources */ = {isa = PBXBuildFile; fileRef = 5B6D110D27A9A9E4007CCEA3 /* Assets.xcassets */; };
		5B6D111127A9A9E4007CCEA3 /* LaunchScreen.storyboard in Resources */ = {isa = PBXBuildFile; fileRef = 5B6D110F27A9A9E4007CCEA3 /* LaunchScreen.storyboard */; };
		5B6D111927A9AA0A007CCEA3 /* CorGradiente.swift in Sources */ = {isa = PBXBuildFile; fileRef = 5B6D111827A9AA0A007CCEA3 /* CorGradiente.swift */; };
		5B6D111B27A9AC81007CCEA3 /* PaletaCores.swift in Sources */ = {isa = PBXBuildFile; fileRef = 5B6D111A27A9AC81007CCEA3 /* PaletaCores.swift */; };
/* End PBXBuildFile section */

/* Begin PBXFileReference section */
		5B6D10FE27A9A9E1007CCEA3 /* CorGradiente.app */ = {isa = PBXFileReference; explicitFileType = wrapper.application; includeInIndex = 0; path = CorGradiente.app; sourceTree = BUILT_PRODUCTS_DIR; };
		5B6D110127A9A9E1007CCEA3 /* AppDelegate.swift */ = {isa = PBXFileReference; lastKnownFileType = sourcecode.swift; path = AppDelegate.swift; sourceTree = "<group>"; };
		5B6D110327A9A9E1007CCEA3 /* SceneDelegate.swift */ = {isa = PBXFileReference; lastKnownFileType = sourcecode.swift; path = SceneDelegate.swift; sourceTree = "<group>"; };
		5B6D110527A9A9E1007CCEA3 /* ViewController.swift */ = {isa = PBXFileReference; lastKnownFileType = sourcecode.swift; path = ViewController.swift; sourceTree = "<group>"; };
		5B6D110827A9A9E1007CCEA3 /* Base */ = {isa = PBXFileReference; lastKnownFileType = file.storyboard; name = Base; path = Base.lproj/Main.storyboard; sourceTree = "<group>"; };
		5B6D110B27A9A9E1007CCEA3 /* CorGradiente.xcdatamodel */ = {isa = PBXFileReference; lastKnownFileType = wrapper.xcdatamodel; path = CorGradiente.xcdatamodel; sourceTree = "<group>"; };
		5B6D110D27A9A9E4007CCEA3 /* Assets.xcassets */ = {isa = PBXFileReference; lastKnownFileType = folder.assetcatalog; path = Assets.xcassets; sourceTree = "<group>"; };
		5B6D111027A9A9E4007CCEA3 /* Base */ = {isa = PBXFileReference; lastKnownFileType = file.storyboard; name = Base; path = Base.lproj/LaunchScreen.storyboard; sourceTree = "<group>"; };
		5B6D111227A9A9E4007CCEA3 /* Info.plist */ = {isa = PBXFileReference; lastKnownFileType = text.plist.xml; path = Info.plist; sourceTree = "<group>"; };
		5B6D111827A9AA0A007CCEA3 /* CorGradiente.swift */ = {isa = PBXFileReference; lastKnownFileType = sourcecode.swift; path = CorGradiente.swift; sourceTree = "<group>"; };
		5B6D111A27A9AC81007CCEA3 /* PaletaCores.swift */ = {isa = PBXFileReference; lastKnownFileType = sourcecode.swift; path = PaletaCores.swift; sourceTree = "<group>"; };
/* End PBXFileReference section */

/* Begin PBXFrameworksBuildPhase section */
		5B6D10FB27A9A9E1007CCEA3 /* Frameworks */ = {
			isa = PBXFrameworksBuildPhase;
			buildActionMask = 2147483647;
			files = (
			);
			runOnlyForDeploymentPostprocessing = 0;
		};
/* End PBXFrameworksBuildPhase section */

/* Begin PBXGroup section */
		5B6D10F527A9A9E1007CCEA3 = {
			isa = PBXGroup;
			children = (
				5B6D110027A9A9E1007CCEA3 /* CorGradiente */,
				5B6D10FF27A9A9E1007CCEA3 /* Products */,
			);
			sourceTree = "<group>";
		};
		5B6D10FF27A9A9E1007CCEA3 /* Products */ = {
			isa = PBXGroup;
			children = (
				5B6D10FE27A9A9E1007CCEA3 /* CorGradiente.app */,
			);
			name = Products;
			sourceTree = "<group>";
		};
		5B6D110027A9A9E1007CCEA3 /* CorGradiente */ = {
			isa = PBXGroup;
			children = (
				5B6D110127A9A9E1007CCEA3 /* AppDelegate.swift */,
				5B6D110327A9A9E1007CCEA3 /* SceneDelegate.swift */,
				5B6D110527A9A9E1007CCEA3 /* ViewController.swift */,
				5B6D111827A9AA0A007CCEA3 /* CorGradiente.swift */,
				5B6D111A27A9AC81007CCEA3 /* PaletaCores.swift */,
				5B6D110727A9A9E1007CCEA3 /* Main.storyboard */,
				5B6D110D27A9A9E4007CCEA3 /* Assets.xcassets */,
				5B6D110F27A9A9E4007CCEA3 /* LaunchScreen.storyboard */,
				5B6D111227A9A9E4007CCEA3 /* Info.plist */,
				5B6D110A27A9A9E1007CCEA3 /* CorGradiente.xcdatamodeld */,
			);
			path = CorGradiente;
			sourceTree = "<group>";
		};
/* End PBXGroup section */

/* Begin PBXNativeTarget section */
		5B6D10FD27A9A9E1007CCEA3 /* CorGradiente */ = {
			isa = PBXNativeTarget;
			buildConfigurationList = 5B6D111527A9A9E4007CCEA3 /* Build configuration list for PBXNativeTarget "CorGradiente" */;
			buildPhases = (
				5B6D10FA27A9A9E1007CCEA3 /* Sources */,
				5B6D10FB27A9A9E1007CCEA3 /* Frameworks */,
				5B6D10FC27A9A9E1007CCEA3 /* Resources */,
			);
			buildRules = (
			);
			dependencies = (
			);
			name = CorGradiente;
			productName = CorGradiente;
			productReference = 5B6D10FE27A9A9E1007CCEA3 /* CorGradiente.app */;
			productType = "com.apple.product-type.application";
		};
/* End PBXNativeTarget section */

/* Begin PBXProject section */
		5B6D10F627A9A9E1007CCEA3 /* Project object */ = {
			isa = PBXProject;
			attributes = {
				LastSwiftUpdateCheck = 1120;
				LastUpgradeCheck = 1120;
				ORGANIZATIONNAME = Udemy;
				TargetAttributes = {
					5B6D10FD27A9A9E1007CCEA3 = {
						CreatedOnToolsVersion = 11.2;
					};
				};
			};
			buildConfigurationList = 5B6D10F927A9A9E1007CCEA3 /* Build configuration list for PBXProject "CorGradiente" */;
			compatibilityVersion = "Xcode 9.3";
			developmentRegion = en;
			hasScannedForEncodings = 0;
			knownRegions = (
				en,
				Base,
			);
			mainGroup = 5B6D10F527A9A9E1007CCEA3;
			productRefGroup = 5B6D10FF27A9A9E1007CCEA3 /* Products */;
			projectDirPath = "";
			projectRoot = "";
			targets = (
				5B6D10FD27A9A9E1007CCEA3 /* CorGradiente */,
			);
		};
/* End PBXProject section */

/* Begin PBXResourcesBuildPhase section */
		5B6D10FC27A9A9E1007CCEA3 /* Resources */ = {
			isa = PBXResourcesBuildPhase;
			buildActionMask = 2147483647;
			files = (
				5B6D111127A9A9E4007CCEA3 /* LaunchScreen.storyboard in Resources */,
				5B6D110E27A9A9E4007CCEA3 /* Assets.xcassets in Resources */,
				5B6D110927A9A9E1007CCEA3 /* Main.storyboard in Resources */,
			);
			runOnlyForDeploymentPostprocessing = 0;
		};
/* End PBXResourcesBuildPhase section */

/* Begin PBXSourcesBuildPhase section */
		5B6D10FA27A9A9E1007CCEA3 /* Sources */ = {
			isa = PBXSourcesBuildPhase;
			buildActionMask = 2147483647;
			files = (
				5B6D110C27A9A9E1007CCEA3 /* CorGradiente.xcdatamodeld in Sources */,
				5B6D110627A9A9E1007CCEA3 /* ViewController.swift in Sources */,
				5B6D110227A9A9E1007CCEA3 /* AppDelegate.swift in Sources */,
				5B6D111B27A9AC81007CCEA3 /* PaletaCores.swift in Sources */,
				5B6D110427A9A9E1007CCEA3 /* SceneDelegate.swift in Sources */,
				5B6D111927A9AA0A007CCEA3 /* CorGradiente.swift in Sources */,
			);
			runOnlyForDeploymentPostprocessing = 0;
		};
/* End PBXSourcesBuildPhase section */

/* Begin PBXVariantGroup section */
		5B6D110727A9A9E1007CCEA3 /* Main.storyboard */ = {
			isa = PBXVariantGroup;
			children = (
				5B6D110827A9A9E1007CCEA3 /* Base */,
			);
			name = Main.storyboard;
			sourceTree = "<group>";
		};
		5B6D110F27A9A9E4007CCEA3 /* LaunchScreen.storyboard */ = {
			isa = PBXVariantGroup;
			children = (
				5B6D111027A9A9E4007CCEA3 /* Base */,
			);
			name = LaunchScreen.storyboard;
			sourceTree = "<group>";
		};
/* End PBXVariantGroup section */

/* Begin XCBuildConfiguration section */
		5B6D111327A9A9E4007CCEA3 /* Debug */ = {
			isa = XCBuildConfiguration;
			buildSettings = {
				ALWAYS_SEARCH_USER_PATHS = NO;
				CLANG_ANALYZER_NONNULL = YES;
				CLANG_ANALYZER_NUMBER_OBJECT_CONVERSION = YES_AGGRESSIVE;
				CLANG_CXX_LANGUAGE_STANDARD = "gnu++14";
				CLANG_CXX_LIBRARY = "libc++";
				CLANG_ENABLE_MODULES = YES;
				CLANG_ENABLE_OBJC_ARC = YES;
				CLANG_ENABLE_OBJC_WEAK = YES;
				CLANG_WARN_BLOCK_CAPTURE_AUTORELEASING = YES;
				CLANG_WARN_BOOL_CONVERSION = YES;
				CLANG_WARN_COMMA = YES;
				CLANG_WARN_CONSTANT_CONVERSION = YES;
				CLANG_WARN_DEPRECATED_OBJC_IMPLEMENTATIONS = YES;
				CLANG_WARN_DIRECT_OBJC_ISA_USAGE = YES_ERROR;
				CLANG_WARN_DOCUMENTATION_COMMENTS = YES;
				CLANG_WARN_EMPTY_BODY = YES;
				CLANG_WARN_ENUM_CONVERSION = YES;
				CLANG_WARN_INFINITE_RECURSION = YES;
				CLANG_WARN_INT_CONVERSION = YES;
				CLANG_WARN_NON_LITERAL_NULL_CONVERSION = YES;
				CLANG_WARN_OBJC_IMPLICIT_RETAIN_SELF = YES;
				CLANG_WARN_OBJC_LITERAL_CONVERSION = YES;
				CLANG_WARN_OBJC_ROOT_CLASS = YES_ERROR;
				CLANG_WARN_RANGE_LOOP_ANALYSIS = YES;
				CLANG_WARN_STRICT_PROTOTYPES = YES;
				CLANG_WARN_SUSPICIOUS_MOVE = YES;
				CLANG_WARN_UNGUARDED_AVAILABILITY = YES_AGGRESSIVE;
				CLANG_WARN_UNREACHABLE_CODE = YES;
				CLANG_WARN__DUPLICATE_METHOD_MATCH = YES;
				COPY_PHASE_STRIP = NO;
				DEBUG_INFORMATION_FORMAT = dwarf;
				ENABLE_STRICT_OBJC_MSGSEND = YES;
				ENABLE_TESTABILITY = YES;
				GCC_C_LANGUAGE_STANDARD = gnu11;
				GCC_DYNAMIC_NO_PIC = NO;
				GCC_NO_COMMON_BLOCKS = YES;
				GCC_OPTIMIZATION_LEVEL = 0;
				GCC_PREPROCESSOR_DEFINITIONS = (
					"DEBUG=1",
					"$(inherited)",
				);
				GCC_WARN_64_TO_32_BIT_CONVERSION = YES;
				GCC_WARN_ABOUT_RETURN_TYPE = YES_ERROR;
				GCC_WARN_UNDECLARED_SELECTOR = YES;
				GCC_WARN_UNINITIALIZED_AUTOS = YES_AGGRESSIVE;
				GCC_WARN_UNUSED_FUNCTION = YES;
				GCC_WARN_UNUSED_VARIABLE = YES;
				IPHONEOS_DEPLOYMENT_TARGET = 13.2;
				MTL_ENABLE_DEBUG_INFO = INCLUDE_SOURCE;
				MTL_FAST_MATH = YES;
				ONLY_ACTIVE_ARCH = YES;
				SDKROOT = iphoneos;
				SWIFT_ACTIVE_COMPILATION_CONDITIONS = DEBUG;
				SWIFT_OPTIMIZATION_LEVEL = "-Onone";
			};
			name = Debug;
		};
		5B6D111427A9A9E4007CCEA3 /* Release */ = {
			isa = XCBuildConfiguration;
			buildSettings = {
				ALWAYS_SEARCH_USER_PATHS = NO;
				CLANG_ANALYZER_NONNULL = YES;
				CLANG_ANALYZER_NUMBER_OBJECT_CONVERSION = YES_AGGRESSIVE;
				CLANG_CXX_LANGUAGE_STANDARD = "gnu++14";
				CLANG_CXX_LIBRARY = "libc++";
				CLANG_ENABLE_MODULES = YES;
				CLANG_ENABLE_OBJC_ARC = YES;
				CLANG_ENABLE_OBJC_WEAK = YES;
				CLANG_WARN_BLOCK_CAPTURE_AUTORELEASING = YES;
				CLANG_WARN_BOOL_CONVERSION = YES;
				CLANG_WARN_COMMA = YES;
				CLANG_WARN_CONSTANT_CONVERSION = YES;
				CLANG_WARN_DEPRECATED_OBJC_IMPLEMENTATIONS = YES;
				CLANG_WARN_DIRECT_OBJC_ISA_USAGE = YES_ERROR;
				CLANG_WARN_DOCUMENTATION_COMMENTS = YES;
				CLANG_WARN_EMPTY_BODY = YES;
				CLANG_WARN_ENUM_CONVERSION = YES;
				CLANG_WARN_INFINITE_RECURSION = YES;
				CLANG_WARN_INT_CONVERSION = YES;
				CLANG_WARN_NON_LITERAL_NULL_CONVERSION = YES;
				CLANG_WARN_OBJC_IMPLICIT_RETAIN_SELF = YES;
				CLANG_WARN_OBJC_LITERAL_CONVERSION = YES;
				CLANG_WARN_OBJC_ROOT_CLASS = YES_ERROR;
				CLANG_WARN_RANGE_LOOP_ANALYSIS = YES;
				CLANG_WARN_STRICT_PROTOTYPES = YES;
				CLANG_WARN_SUSPICIOUS_MOVE = YES;
				CLANG_WARN_UNGUARDED_AVAILABILITY = YES_AGGRESSIVE;
				CLANG_WARN_UNREACHABLE_CODE = YES;
				CLANG_WARN__DUPLICATE_METHOD_MATCH = YES;
				COPY_PHASE_STRIP = NO;
				DEBUG_INFORMATION_FORMAT = "dwarf-with-dsym";
				ENABLE_NS_ASSERTIONS = NO;
				ENABLE_STRICT_OBJC_MSGSEND = YES;
				GCC_C_LANGUAGE_STANDARD = gnu11;
				GCC_NO_COMMON_BLOCKS = YES;
				GCC_WARN_64_TO_32_BIT_CONVERSION = YES;
				GCC_WARN_ABOUT_RETURN_TYPE = YES_ERROR;
				GCC_WARN_UNDECLARED_SELECTOR = YES;
				GCC_WARN_UNINITIALIZED_AUTOS = YES_AGGRESSIVE;
				GCC_WARN_UNUSED_FUNCTION = YES;
				GCC_WARN_UNUSED_VARIABLE = YES;
				IPHONEOS_DEPLOYMENT_TARGET = 13.2;
				MTL_ENABLE_DEBUG_INFO = NO;
				MTL_FAST_MATH = YES;
				SDKROOT = iphoneos;
				SWIFT_COMPILATION_MODE = wholemodule;
				SWIFT_OPTIMIZATION_LEVEL = "-O";
				VALIDATE_PRODUCT = YES;
			};
			name = Release;
		};
		5B6D111627A9A9E4007CCEA3 /* Debug */ = {
			isa = XCBuildConfiguration;
			buildSettings = {
				ASSETCATALOG_COMPILER_APPICON_NAME = AppIcon;
				CODE_SIGN_STYLE = Automatic;
				INFOPLIST_FILE = CorGradiente/Info.plist;
				LD_RUNPATH_SEARCH_PATHS = (
					"$(inherited)",
					"@executable_path/Frameworks",
				);
				PRODUCT_BUNDLE_IDENTIFIER = br.com.udemy.CorGradiente;
				PRODUCT_NAME = "$(TARGET_NAME)";
				SWIFT_VERSION = 5.0;
				TARGETED_DEVICE_FAMILY = "1,2";
			};
			name = Debug;
		};
		5B6D111727A9A9E4007CCEA3 /* Release */ = {
			isa = XCBuildConfiguration;
			buildSettings = {
				ASSETCATALOG_COMPILER_APPICON_NAME = AppIcon;
				CODE_SIGN_STYLE = Automatic;
				INFOPLIST_FILE = CorGradiente/Info.plist;
				LD_RUNPATH_SEARCH_PATHS = (
					"$(inherited)",
					"@executable_path/Frameworks",
				);
				PRODUCT_BUNDLE_IDENTIFIER = br.com.udemy.CorGradiente;
				PRODUCT_NAME = "$(TARGET_NAME)";
				SWIFT_VERSION = 5.0;
				TARGETED_DEVICE_FAMILY = "1,2";
			};
			name = Release;
		};
/* End XCBuildConfiguration section */

/* Begin XCConfigurationList section */
		5B6D10F927A9A9E1007CCEA3 /* Build configuration list for PBXProject "CorGradiente" */ = {
			isa = XCConfigurationList;
			buildConfigurations = (
				5B6D111327A9A9E4007CCEA3 /* Debug */,
				5B6D111427A9A9E4007CCEA3 /* Release */,
			);
			defaultConfigurationIsVisible = 0;
			defaultConfigurationName = Release;
		};
		5B6D111527A9A9E4007CCEA3 /* Build configuration list for PBXNativeTarget "CorGradiente" */ = {
			isa = XCConfigurationList;
			buildConfigurations = (
				5B6D111627A9A9E4007CCEA3 /* Debug */,
				5B6D111727A9A9E4007CCEA3 /* Release */,
			);
			defaultConfigurationIsVisible = 0;
			defaultConfigurationName = Release;
		};
/* End XCConfigurationList section */

/* Begin XCVersionGroup section */
		5B6D110A27A9A9E1007CCEA3 /* CorGradiente.xcdatamodeld */ = {
			isa = XCVersionGroup;
			children = (
				5B6D110B27A9A9E1007CCEA3 /* CorGradiente.xcdatamodel */,
			);
			currentVersion = 5B6D110B27A9A9E1007CCEA3 /* CorGradiente.xcdatamodel */;
			path = CorGradiente.xcdatamodeld;
			sourceTree = "<group>";
			versionGroupType = wrapper.xcdatamodel;
		};
/* End XCVersionGroup section */
	};
	rootObject = 5B6D10F627A9A9E1007CCEA3 /* Project object */;
}
