// !$*UTF8*$!
{
	archiveVersion = 1;
	classes = {
	};
	objectVersion = 50;
	objects = {

/* Begin PBXBuildFile section */
		5BB3EA80276116FA0032DB6E /* AppDelegate.swift in Sources */ = {isa = PBXBuildFile; fileRef = 5BB3EA7F276116FA0032DB6E /* AppDelegate.swift */; };
		5BB3EA82276116FA0032DB6E /* SceneDelegate.swift in Sources */ = {isa = PBXBuildFile; fileRef = 5BB3EA81276116FA0032DB6E /* SceneDelegate.swift */; };
		5BB3EA84276116FA0032DB6E /* ViewController.swift in Sources */ = {isa = PBXBuildFile; fileRef = 5BB3EA83276116FA0032DB6E /* ViewController.swift */; };
		5BB3EA87276116FA0032DB6E /* Main.storyboard in Resources */ = {isa = PBXBuildFile; fileRef = 5BB3EA85276116FA0032DB6E /* Main.storyboard */; };
		5BB3EA89276117020032DB6E /* Assets.xcassets in Resources */ = {isa = PBXBuildFile; fileRef = 5BB3EA88276117020032DB6E /* Assets.xcassets */; };
		5BB3EA8C276117020032DB6E /* LaunchScreen.storyboard in Resources */ = {isa = PBXBuildFile; fileRef = 5BB3EA8A276117020032DB6E /* LaunchScreen.storyboard */; };
		5BB3EA9627611A150032DB6E /* botaogerar-pressionado.png in Resources */ = {isa = PBXBuildFile; fileRef = 5BB3EA9327611A150032DB6E /* botaogerar-pressionado.png */; };
		5BB3EA9727611A150032DB6E /* logo.png in Resources */ = {isa = PBXBuildFile; fileRef = 5BB3EA9427611A150032DB6E /* logo.png */; };
		5BB3EA9827611A150032DB6E /* botaogerar.png in Resources */ = {isa = PBXBuildFile; fileRef = 5BB3EA9527611A150032DB6E /* botaogerar.png */; };
/* End PBXBuildFile section */

/* Begin PBXFileReference section */
		5BB3EA7C276116FA0032DB6E /* Gerador de Numeros.app */ = {isa = PBXFileReference; explicitFileType = wrapper.application; includeInIndex = 0; path = "Gerador de Numeros.app"; sourceTree = BUILT_PRODUCTS_DIR; };
		5BB3EA7F276116FA0032DB6E /* AppDelegate.swift */ = {isa = PBXFileReference; lastKnownFileType = sourcecode.swift; path = AppDelegate.swift; sourceTree = "<group>"; };
		5BB3EA81276116FA0032DB6E /* SceneDelegate.swift */ = {isa = PBXFileReference; lastKnownFileType = sourcecode.swift; path = SceneDelegate.swift; sourceTree = "<group>"; };
		5BB3EA83276116FA0032DB6E /* ViewController.swift */ = {isa = PBXFileReference; lastKnownFileType = sourcecode.swift; path = ViewController.swift; sourceTree = "<group>"; };
		5BB3EA86276116FA0032DB6E /* Base */ = {isa = PBXFileReference; lastKnownFileType = file.storyboard; name = Base; path = Base.lproj/Main.storyboard; sourceTree = "<group>"; };
		5BB3EA88276117020032DB6E /* Assets.xcassets */ = {isa = PBXFileReference; lastKnownFileType = folder.assetcatalog; path = Assets.xcassets; sourceTree = "<group>"; };
		5BB3EA8B276117020032DB6E /* Base */ = {isa = PBXFileReference; lastKnownFileType = file.storyboard; name = Base; path = Base.lproj/LaunchScreen.storyboard; sourceTree = "<group>"; };
		5BB3EA8D276117020032DB6E /* Info.plist */ = {isa = PBXFileReference; lastKnownFileType = text.plist.xml; path = Info.plist; sourceTree = "<group>"; };
		5BB3EA9327611A150032DB6E /* botaogerar-pressionado.png */ = {isa = PBXFileReference; lastKnownFileType = image.png; path = "botaogerar-pressionado.png"; sourceTree = "<group>"; };
		5BB3EA9427611A150032DB6E /* logo.png */ = {isa = PBXFileReference; lastKnownFileType = image.png; path = logo.png; sourceTree = "<group>"; };
		5BB3EA9527611A150032DB6E /* botaogerar.png */ = {isa = PBXFileReference; lastKnownFileType = image.png; path = botaogerar.png; sourceTree = "<group>"; };
/* End PBXFileReference section */

/* Begin PBXFrameworksBuildPhase section */
		5BB3EA79276116FA0032DB6E /* Frameworks */ = {
			isa = PBXFrameworksBuildPhase;
			buildActionMask = 2147483647;
			files = (
			);
			runOnlyForDeploymentPostprocessing = 0;
		};
/* End PBXFrameworksBuildPhase section */

/* Begin PBXGroup section */
		5BB3EA73276116FA0032DB6E = {
			isa = PBXGroup;
			children = (
				5BB3EA7E276116FA0032DB6E /* Gerador de Numeros */,
				5BB3EA7D276116FA0032DB6E /* Products */,
			);
			sourceTree = "<group>";
		};
		5BB3EA7D276116FA0032DB6E /* Products */ = {
			isa = PBXGroup;
			children = (
				5BB3EA7C276116FA0032DB6E /* Gerador de Numeros.app */,
			);
			name = Products;
			sourceTree = "<group>";
		};
		5BB3EA7E276116FA0032DB6E /* Gerador de Numeros */ = {
			isa = PBXGroup;
			children = (
				5BB3EA9327611A150032DB6E /* botaogerar-pressionado.png */,
				5BB3EA9527611A150032DB6E /* botaogerar.png */,
				5BB3EA9427611A150032DB6E /* logo.png */,
				5BB3EA7F276116FA0032DB6E /* AppDelegate.swift */,
				5BB3EA81276116FA0032DB6E /* SceneDelegate.swift */,
				5BB3EA83276116FA0032DB6E /* ViewController.swift */,
				5BB3EA85276116FA0032DB6E /* Main.storyboard */,
				5BB3EA88276117020032DB6E /* Assets.xcassets */,
				5BB3EA8A276117020032DB6E /* LaunchScreen.storyboard */,
				5BB3EA8D276117020032DB6E /* Info.plist */,
			);
			path = "Gerador de Numeros";
			sourceTree = "<group>";
		};
/* End PBXGroup section */

/* Begin PBXNativeTarget section */
		5BB3EA7B276116FA0032DB6E /* Gerador de Numeros */ = {
			isa = PBXNativeTarget;
			buildConfigurationList = 5BB3EA90276117020032DB6E /* Build configuration list for PBXNativeTarget "Gerador de Numeros" */;
			buildPhases = (
				5BB3EA78276116FA0032DB6E /* Sources */,
				5BB3EA79276116FA0032DB6E /* Frameworks */,
				5BB3EA7A276116FA0032DB6E /* Resources */,
			);
			buildRules = (
			);
			dependencies = (
			);
			name = "Gerador de Numeros";
			productName = "Gerador de Numeros";
			productReference = 5BB3EA7C276116FA0032DB6E /* Gerador de Numeros.app */;
			productType = "com.apple.product-type.application";
		};
/* End PBXNativeTarget section */

/* Begin PBXProject section */
		5BB3EA74276116FA0032DB6E /* Project object */ = {
			isa = PBXProject;
			attributes = {
				LastSwiftUpdateCheck = 1120;
				LastUpgradeCheck = 1120;
				ORGANIZATIONNAME = Udemy;
				TargetAttributes = {
					5BB3EA7B276116FA0032DB6E = {
						CreatedOnToolsVersion = 11.2;
					};
				};
			};
			buildConfigurationList = 5BB3EA77276116FA0032DB6E /* Build configuration list for PBXProject "Gerador de Numeros" */;
			compatibilityVersion = "Xcode 9.3";
			developmentRegion = en;
			hasScannedForEncodings = 0;
			knownRegions = (
				en,
				Base,
			);
			mainGroup = 5BB3EA73276116FA0032DB6E;
			productRefGroup = 5BB3EA7D276116FA0032DB6E /* Products */;
			projectDirPath = "";
			projectRoot = "";
			targets = (
				5BB3EA7B276116FA0032DB6E /* Gerador de Numeros */,
			);
		};
/* End PBXProject section */

/* Begin PBXResourcesBuildPhase section */
		5BB3EA7A276116FA0032DB6E /* Resources */ = {
			isa = PBXResourcesBuildPhase;
			buildActionMask = 2147483647;
			files = (
				5BB3EA8C276117020032DB6E /* LaunchScreen.storyboard in Resources */,
				5BB3EA9827611A150032DB6E /* botaogerar.png in Resources */,
				5BB3EA9727611A150032DB6E /* logo.png in Resources */,
				5BB3EA89276117020032DB6E /* Assets.xcassets in Resources */,
				5BB3EA87276116FA0032DB6E /* Main.storyboard in Resources */,
				5BB3EA9627611A150032DB6E /* botaogerar-pressionado.png in Resources */,
			);
			runOnlyForDeploymentPostprocessing = 0;
		};
/* End PBXResourcesBuildPhase section */

/* Begin PBXSourcesBuildPhase section */
		5BB3EA78276116FA0032DB6E /* Sources */ = {
			isa = PBXSourcesBuildPhase;
			buildActionMask = 2147483647;
			files = (
				5BB3EA84276116FA0032DB6E /* ViewController.swift in Sources */,
				5BB3EA80276116FA0032DB6E /* AppDelegate.swift in Sources */,
				5BB3EA82276116FA0032DB6E /* SceneDelegate.swift in Sources */,
			);
			runOnlyForDeploymentPostprocessing = 0;
		};
/* End PBXSourcesBuildPhase section */

/* Begin PBXVariantGroup section */
		5BB3EA85276116FA0032DB6E /* Main.storyboard */ = {
			isa = PBXVariantGroup;
			children = (
				5BB3EA86276116FA0032DB6E /* Base */,
			);
			name = Main.storyboard;
			sourceTree = "<group>";
		};
		5BB3EA8A276117020032DB6E /* LaunchScreen.storyboard */ = {
			isa = PBXVariantGroup;
			children = (
				5BB3EA8B276117020032DB6E /* Base */,
			);
			name = LaunchScreen.storyboard;
			sourceTree = "<group>";
		};
/* End PBXVariantGroup section */

/* Begin XCBuildConfiguration section */
		5BB3EA8E276117020032DB6E /* Debug */ = {
			isa = XCBuildConfiguration;
			buildSettings = {
				ALWAYS_SEARCH_USER_PATHS = NO;
				CLANG_ANALYZER_NONNULL = YES;
				CLANG_ANALYZER_NUMBER_OBJECT_CONVERSION = YES_AGGRESSIVE;
				CLANG_CXX_LANGUAGE_STANDARD = "gnu++14";
				CLANG_CXX_LIBRARY = "libc++";
				CLANG_ENABLE_MODULES = YES;
				CLANG_ENABLE_OBJC_ARC = YES;
				CLANG_ENABLE_OBJC_WEAK = YES;
				CLANG_WARN_BLOCK_CAPTURE_AUTORELEASING = YES;
				CLANG_WARN_BOOL_CONVERSION = YES;
				CLANG_WARN_COMMA = YES;
				CLANG_WARN_CONSTANT_CONVERSION = YES;
				CLANG_WARN_DEPRECATED_OBJC_IMPLEMENTATIONS = YES;
				CLANG_WARN_DIRECT_OBJC_ISA_USAGE = YES_ERROR;
				CLANG_WARN_DOCUMENTATION_COMMENTS = YES;
				CLANG_WARN_EMPTY_BODY = YES;
				CLANG_WARN_ENUM_CONVERSION = YES;
				CLANG_WARN_INFINITE_RECURSION = YES;
				CLANG_WARN_INT_CONVERSION = YES;
				CLANG_WARN_NON_LITERAL_NULL_CONVERSION = YES;
				CLANG_WARN_OBJC_IMPLICIT_RETAIN_SELF = YES;
				CLANG_WARN_OBJC_LITERAL_CONVERSION = YES;
				CLANG_WARN_OBJC_ROOT_CLASS = YES_ERROR;
				CLANG_WARN_RANGE_LOOP_ANALYSIS = YES;
				CLANG_WARN_STRICT_PROTOTYPES = YES;
				CLANG_WARN_SUSPICIOUS_MOVE = YES;
				CLANG_WARN_UNGUARDED_AVAILABILITY = YES_AGGRESSIVE;
				CLANG_WARN_UNREACHABLE_CODE = YES;
				CLANG_WARN__DUPLICATE_METHOD_MATCH = YES;
				COPY_PHASE_STRIP = NO;
				DEBUG_INFORMATION_FORMAT = dwarf;
				ENABLE_STRICT_OBJC_MSGSEND = YES;
				ENABLE_TESTABILITY = YES;
				GCC_C_LANGUAGE_STANDARD = gnu11;
				GCC_DYNAMIC_NO_PIC = NO;
				GCC_NO_COMMON_BLOCKS = YES;
				GCC_OPTIMIZATION_LEVEL = 0;
				GCC_PREPROCESSOR_DEFINITIONS = (
					"DEBUG=1",
					"$(inherited)",
				);
				GCC_WARN_64_TO_32_BIT_CONVERSION = YES;
				GCC_WARN_ABOUT_RETURN_TYPE = YES_ERROR;
				GCC_WARN_UNDECLARED_SELECTOR = YES;
				GCC_WARN_UNINITIALIZED_AUTOS = YES_AGGRESSIVE;
				GCC_WARN_UNUSED_FUNCTION = YES;
				GCC_WARN_UNUSED_VARIABLE = YES;
				IPHONEOS_DEPLOYMENT_TARGET = 13.2;
				MTL_ENABLE_DEBUG_INFO = INCLUDE_SOURCE;
				MTL_FAST_MATH = YES;
				ONLY_ACTIVE_ARCH = YES;
				SDKROOT = iphoneos;
				SWIFT_ACTIVE_COMPILATION_CONDITIONS = DEBUG;
				SWIFT_OPTIMIZATION_LEVEL = "-Onone";
			};
			name = Debug;
		};
		5BB3EA8F276117020032DB6E /* Release */ = {
			isa = XCBuildConfiguration;
			buildSettings = {
				ALWAYS_SEARCH_USER_PATHS = NO;
				CLANG_ANALYZER_NONNULL = YES;
				CLANG_ANALYZER_NUMBER_OBJECT_CONVERSION = YES_AGGRESSIVE;
				CLANG_CXX_LANGUAGE_STANDARD = "gnu++14";
				CLANG_CXX_LIBRARY = "libc++";
				CLANG_ENABLE_MODULES = YES;
				CLANG_ENABLE_OBJC_ARC = YES;
				CLANG_ENABLE_OBJC_WEAK = YES;
				CLANG_WARN_BLOCK_CAPTURE_AUTORELEASING = YES;
				CLANG_WARN_BOOL_CONVERSION = YES;
				CLANG_WARN_COMMA = YES;
				CLANG_WARN_CONSTANT_CONVERSION = YES;
				CLANG_WARN_DEPRECATED_OBJC_IMPLEMENTATIONS = YES;
				CLANG_WARN_DIRECT_OBJC_ISA_USAGE = YES_ERROR;
				CLANG_WARN_DOCUMENTATION_COMMENTS = YES;
				CLANG_WARN_EMPTY_BODY = YES;
				CLANG_WARN_ENUM_CONVERSION = YES;
				CLANG_WARN_INFINITE_RECURSION = YES;
				CLANG_WARN_INT_CONVERSION = YES;
				CLANG_WARN_NON_LITERAL_NULL_CONVERSION = YES;
				CLANG_WARN_OBJC_IMPLICIT_RETAIN_SELF = YES;
				CLANG_WARN_OBJC_LITERAL_CONVERSION = YES;
				CLANG_WARN_OBJC_ROOT_CLASS = YES_ERROR;
				CLANG_WARN_RANGE_LOOP_ANALYSIS = YES;
				CLANG_WARN_STRICT_PROTOTYPES = YES;
				CLANG_WARN_SUSPICIOUS_MOVE = YES;
				CLANG_WARN_UNGUARDED_AVAILABILITY = YES_AGGRESSIVE;
				CLANG_WARN_UNREACHABLE_CODE = YES;
				CLANG_WARN__DUPLICATE_METHOD_MATCH = YES;
				COPY_PHASE_STRIP = NO;
				DEBUG_INFORMATION_FORMAT = "dwarf-with-dsym";
				ENABLE_NS_ASSERTIONS = NO;
				ENABLE_STRICT_OBJC_MSGSEND = YES;
				GCC_C_LANGUAGE_STANDARD = gnu11;
				GCC_NO_COMMON_BLOCKS = YES;
				GCC_WARN_64_TO_32_BIT_CONVERSION = YES;
				GCC_WARN_ABOUT_RETURN_TYPE = YES_ERROR;
				GCC_WARN_UNDECLARED_SELECTOR = YES;
				GCC_WARN_UNINITIALIZED_AUTOS = YES_AGGRESSIVE;
				GCC_WARN_UNUSED_FUNCTION = YES;
				GCC_WARN_UNUSED_VARIABLE = YES;
				IPHONEOS_DEPLOYMENT_TARGET = 13.2;
				MTL_ENABLE_DEBUG_INFO = NO;
				MTL_FAST_MATH = YES;
				SDKROOT = iphoneos;
				SWIFT_COMPILATION_MODE = wholemodule;
				SWIFT_OPTIMIZATION_LEVEL = "-O";
				VALIDATE_PRODUCT = YES;
			};
			name = Release;
		};
		5BB3EA91276117020032DB6E /* Debug */ = {
			isa = XCBuildConfiguration;
			buildSettings = {
				ASSETCATALOG_COMPILER_APPICON_NAME = AppIcon;
				CODE_SIGN_STYLE = Automatic;
				INFOPLIST_FILE = "Gerador de Numeros/Info.plist";
				LD_RUNPATH_SEARCH_PATHS = (
					"$(inherited)",
					"@executable_path/Frameworks",
				);
				PRODUCT_BUNDLE_IDENTIFIER = "br.com.udemy.Gerador-de-Numeros";
				PRODUCT_NAME = "$(TARGET_NAME)";
				SWIFT_VERSION = 5.0;
				TARGETED_DEVICE_FAMILY = "1,2";
			};
			name = Debug;
		};
		5BB3EA92276117020032DB6E /* Release */ = {
			isa = XCBuildConfiguration;
			buildSettings = {
				ASSETCATALOG_COMPILER_APPICON_NAME = AppIcon;
				CODE_SIGN_STYLE = Automatic;
				INFOPLIST_FILE = "Gerador de Numeros/Info.plist";
				LD_RUNPATH_SEARCH_PATHS = (
					"$(inherited)",
					"@executable_path/Frameworks",
				);
				PRODUCT_BUNDLE_IDENTIFIER = "br.com.udemy.Gerador-de-Numeros";
				PRODUCT_NAME = "$(TARGET_NAME)";
				SWIFT_VERSION = 5.0;
				TARGETED_DEVICE_FAMILY = "1,2";
			};
			name = Release;
		};
/* End XCBuildConfiguration section */

/* Begin XCConfigurationList section */
		5BB3EA77276116FA0032DB6E /* Build configuration list for PBXProject "Gerador de Numeros" */ = {
			isa = XCConfigurationList;
			buildConfigurations = (
				5BB3EA8E276117020032DB6E /* Debug */,
				5BB3EA8F276117020032DB6E /* Release */,
			);
			defaultConfigurationIsVisible = 0;
			defaultConfigurationName = Release;
		};
		5BB3EA90276117020032DB6E /* Build configuration list for PBXNativeTarget "Gerador de Numeros" */ = {
			isa = XCConfigurationList;
			buildConfigurations = (
				5BB3EA91276117020032DB6E /* Debug */,
				5BB3EA92276117020032DB6E /* Release */,
			);
			defaultConfigurationIsVisible = 0;
			defaultConfigurationName = Release;
		};
/* End XCConfigurationList section */
	};
	rootObject = 5BB3EA74276116FA0032DB6E /* Project object */;
}
